
Microsoft Visual Studio Solution File, Format Version 12.00
# Visual Studio 15
VisualStudioVersion = 15.0.27703.2035
MinimumVisualStudioVersion = 10.0.40219.1
Project("{FAE04EC0-301F-11D3-BF4B-00C04F79EFBC}") = "OrganizaTe", "OrganizaTe\OrganizaTe.csproj", "{426CE03E-E93E-4C52-B7E0-195CD39BB971}"
EndProject
Global
	GlobalSection(SolutionConfigurationPlatforms) = preSolution
		Debug|Any CPU = Debug|Any CPU
		Release|Any CPU = Release|Any CPU
	EndGlobalSection
	GlobalSection(ProjectConfigurationPlatforms) = postSolution
		{426CE03E-E93E-4C52-B7E0-195CD39BB971}.Debug|Any CPU.ActiveCfg = Debug|Any CPU
		{426CE03E-E93E-4C52-B7E0-195CD39BB971}.Debug|Any CPU.Build.0 = Debug|Any CPU
		{426CE03E-E93E-4C52-B7E0-195CD39BB971}.Release|Any CPU.ActiveCfg = Release|Any CPU
		{426CE03E-E93E-4C52-B7E0-195CD39BB971}.Release|Any CPU.Build.0 = Release|Any CPU
	EndGlobalSection
	GlobalSection(SolutionProperties) = preSolution
		HideSolutionNode = FALSE
	EndGlobalSection
	GlobalSection(ExtensibilityGlobals) = postSolution
		SolutionGuid = {C2FDAA1D-9685-451B-8A91-E519B1B262E0}
	EndGlobalSection
EndGlobal
